// !$*UTF8*$!
{
	archiveVersion = 1;
	classes = {
	};
	objectVersion = 46;
	objects = {

/* Begin PBXBuildFile section */
		8306BF8616E292AE005F76E4 /* dailyCommentBtn@2x.png in Resources */ = {isa = PBXBuildFile; fileRef = 8306BF8416E292AE005F76E4 /* dailyCommentBtn@2x.png */; };
		8306BF8716E292AE005F76E4 /* dailyCommentBtn.png in Resources */ = {isa = PBXBuildFile; fileRef = 8306BF8516E292AE005F76E4 /* dailyCommentBtn.png */; };
		831D695F16C43F9100169061 /* contact.png in Resources */ = {isa = PBXBuildFile; fileRef = 831D695B16C43F9100169061 /* contact.png */; };
		831D696016C43F9100169061 /* contact@2x.png in Resources */ = {isa = PBXBuildFile; fileRef = 831D695C16C43F9100169061 /* contact@2x.png */; };
		831D696116C43F9100169061 /* start_btn.png in Resources */ = {isa = PBXBuildFile; fileRef = 831D695D16C43F9100169061 /* start_btn.png */; };
		831D696216C43F9100169061 /* start_btn@2x.png in Resources */ = {isa = PBXBuildFile; fileRef = 831D695E16C43F9100169061 /* start_btn@2x.png */; };
		8329B3C416B867DC00D786D3 /* MainStoryboard.storyboard in Resources */ = {isa = PBXBuildFile; fileRef = 8329B3C316B867DC00D786D3 /* MainStoryboard.storyboard */; };
		8329B3C816B86FE500D786D3 /* ProjectsViewControllerNew.m in Sources */ = {isa = PBXBuildFile; fileRef = 8329B3C716B86FE500D786D3 /* ProjectsViewControllerNew.m */; };
		8333471E16DA57FE00956D03 /* DailyViewController.m in Sources */ = {isa = PBXBuildFile; fileRef = 8333471D16DA57FD00956D03 /* DailyViewController.m */; };
		8333472216DA925F00956D03 /* XMLDailyParser.m in Sources */ = {isa = PBXBuildFile; fileRef = 8333472116DA925F00956D03 /* XMLDailyParser.m */; };
		8333472416DACF8F00956D03 /* MediaPlayer.framework in Frameworks */ = {isa = PBXBuildFile; fileRef = 8333472316DACF8E00956D03 /* MediaPlayer.framework */; };
		8337A52C16B42AAC00C173C1 /* LoginViewController.m in Sources */ = {isa = PBXBuildFile; fileRef = 8337A52B16B42AAC00C173C1 /* LoginViewController.m */; };
		8337A52F16B42C4400C173C1 /* startPage_bg@2x.png in Resources */ = {isa = PBXBuildFile; fileRef = 8337A52D16B42C4400C173C1 /* startPage_bg@2x.png */; };
		8337A53016B42C4400C173C1 /* startPage_bg.png in Resources */ = {isa = PBXBuildFile; fileRef = 8337A52E16B42C4400C173C1 /* startPage_bg.png */; };
		8337A53316B4378700C173C1 /* XMLLoginParser.m in Sources */ = {isa = PBXBuildFile; fileRef = 8337A53216B4378700C173C1 /* XMLLoginParser.m */; };
		8337A53716B43CA500C173C1 /* User.m in Sources */ = {isa = PBXBuildFile; fileRef = 8337A53616B43CA500C173C1 /* User.m */; };
		8344E99C16E2BEF400732B11 /* CloseButton.png in Resources */ = {isa = PBXBuildFile; fileRef = 8344E99A16E2BEF400732B11 /* CloseButton.png */; };
		8344E99D16E2BEF400732B11 /* CloseButton@2x.png in Resources */ = {isa = PBXBuildFile; fileRef = 8344E99B16E2BEF400732B11 /* CloseButton@2x.png */; };
		834B6C3D16B3477000AA00EA /* UIKit.framework in Frameworks */ = {isa = PBXBuildFile; fileRef = 834B6C3C16B3477000AA00EA /* UIKit.framework */; };
		834B6C3F16B3477000AA00EA /* Foundation.framework in Frameworks */ = {isa = PBXBuildFile; fileRef = 834B6C3E16B3477000AA00EA /* Foundation.framework */; };
		834B6C4116B3477000AA00EA /* CoreGraphics.framework in Frameworks */ = {isa = PBXBuildFile; fileRef = 834B6C4016B3477000AA00EA /* CoreGraphics.framework */; };
		834B6C4716B3477000AA00EA /* InfoPlist.strings in Resources */ = {isa = PBXBuildFile; fileRef = 834B6C4516B3477000AA00EA /* InfoPlist.strings */; };
		834B6C4916B3477000AA00EA /* main.m in Sources */ = {isa = PBXBuildFile; fileRef = 834B6C4816B3477000AA00EA /* main.m */; };
		834B6C4D16B3477000AA00EA /* AppDelegate.m in Sources */ = {isa = PBXBuildFile; fileRef = 834B6C4C16B3477000AA00EA /* AppDelegate.m */; };
		834B6C4F16B3477000AA00EA /* Default.png in Resources */ = {isa = PBXBuildFile; fileRef = 834B6C4E16B3477000AA00EA /* Default.png */; };
		834B6C5116B3477000AA00EA /* Default@2x.png in Resources */ = {isa = PBXBuildFile; fileRef = 834B6C5016B3477000AA00EA /* Default@2x.png */; };
		834B6C5316B3477000AA00EA /* Default-568h@2x.png in Resources */ = {isa = PBXBuildFile; fileRef = 834B6C5216B3477000AA00EA /* Default-568h@2x.png */; };
		834B6C5916B3477000AA00EA /* ViewController.m in Sources */ = {isa = PBXBuildFile; fileRef = 834B6C5816B3477000AA00EA /* ViewController.m */; };
		834B6C6816B34E8000AA00EA /* Daily.m in Sources */ = {isa = PBXBuildFile; fileRef = 834B6C6716B34E8000AA00EA /* Daily.m */; };
		834B6C7116B34E9B00AA00EA /* Project.m in Sources */ = {isa = PBXBuildFile; fileRef = 834B6C6A16B34E9B00AA00EA /* Project.m */; };
		834B6C7216B34E9B00AA00EA /* XMLProjectsParser.m in Sources */ = {isa = PBXBuildFile; fileRef = 834B6C6C16B34E9B00AA00EA /* XMLProjectsParser.m */; };
		834B6C7316B34E9B00AA00EA /* XMLDailiesParser.m in Sources */ = {isa = PBXBuildFile; fileRef = 834B6C6E16B34E9B00AA00EA /* XMLDailiesParser.m */; };
		834B6C7416B34E9B00AA00EA /* DailySimple.m in Sources */ = {isa = PBXBuildFile; fileRef = 834B6C7016B34E9B00AA00EA /* DailySimple.m */; };
		834B6C7616B3FC7300AA00EA /* Default-Landscape~ipad.png in Resources */ = {isa = PBXBuildFile; fileRef = 834B6C7516B3FC7300AA00EA /* Default-Landscape~ipad.png */; };
		834B6C7816B3FC8000AA00EA /* Default-Landscape@2x~ipad.png in Resources */ = {isa = PBXBuildFile; fileRef = 834B6C7716B3FC8000AA00EA /* Default-Landscape@2x~ipad.png */; };
		834B6C8016B4056100AA00EA /* login_btn.png in Resources */ = {isa = PBXBuildFile; fileRef = 834B6C7E16B4056100AA00EA /* login_btn.png */; };
		834B6C8116B4056100AA00EA /* login_btn@2x.png in Resources */ = {isa = PBXBuildFile; fileRef = 834B6C7F16B4056100AA00EA /* login_btn@2x.png */; };
		835DBB5F16C443DA0045458F /* ContactViewController.m in Sources */ = {isa = PBXBuildFile; fileRef = 835DBB5E16C443DA0045458F /* ContactViewController.m */; };
		835DBB6516C447400045458F /* bc_contact.png in Resources */ = {isa = PBXBuildFile; fileRef = 835DBB6116C447400045458F /* bc_contact.png */; };
		835DBB6616C447400045458F /* bc_contact@2x.png in Resources */ = {isa = PBXBuildFile; fileRef = 835DBB6216C447400045458F /* bc_contact@2x.png */; };
		835DBB6716C447400045458F /* logo_contact.png in Resources */ = {isa = PBXBuildFile; fileRef = 835DBB6316C447400045458F /* logo_contact.png */; };
		835DBB6816C447400045458F /* logo_contact@2x.png in Resources */ = {isa = PBXBuildFile; fileRef = 835DBB6416C447400045458F /* logo_contact@2x.png */; };
		835DBB6B16C45AD50045458F /* back.png in Resources */ = {isa = PBXBuildFile; fileRef = 835DBB6916C45AD50045458F /* back.png */; };
		835DBB6C16C45AD50045458F /* back@2x.png in Resources */ = {isa = PBXBuildFile; fileRef = 835DBB6A16C45AD50045458F /* back@2x.png */; };
		835DBB6F16C57AC30045458F /* logout.png in Resources */ = {isa = PBXBuildFile; fileRef = 835DBB6D16C57AC20045458F /* logout.png */; };
		835DBB7016C57AC30045458F /* logout@2x.png in Resources */ = {isa = PBXBuildFile; fileRef = 835DBB6E16C57AC20045458F /* logout@2x.png */; };
		83760A6516B5DAF800208BD1 /* bg_pl.png in Resources */ = {isa = PBXBuildFile; fileRef = 83760A5D16B5DAF800208BD1 /* bg_pl.png */; };
		83760A6616B5DAF800208BD1 /* bg_pl@2x.png in Resources */ = {isa = PBXBuildFile; fileRef = 83760A5E16B5DAF800208BD1 /* bg_pl@2x.png */; };
		83760A6716B5DAF800208BD1 /* footer_bg_pl.png in Resources */ = {isa = PBXBuildFile; fileRef = 83760A5F16B5DAF800208BD1 /* footer_bg_pl.png */; };
		83760A6816B5DAF800208BD1 /* footer_bg_pl@2x.png in Resources */ = {isa = PBXBuildFile; fileRef = 83760A6016B5DAF800208BD1 /* footer_bg_pl@2x.png */; };
		83760A6916B5DAF800208BD1 /* header_bg_pl@2x.png in Resources */ = {isa = PBXBuildFile; fileRef = 83760A6116B5DAF800208BD1 /* header_bg_pl@2x.png */; };
		83760A6A16B5DAF800208BD1 /* header_bg_pl.png in Resources */ = {isa = PBXBuildFile; fileRef = 83760A6216B5DAF800208BD1 /* header_bg_pl.png */; };
		83760A6B16B5DAF800208BD1 /* logo_pl.png in Resources */ = {isa = PBXBuildFile; fileRef = 83760A6316B5DAF800208BD1 /* logo_pl.png */; };
		83760A6C16B5DAF800208BD1 /* logo_pl@2x.png in Resources */ = {isa = PBXBuildFile; fileRef = 83760A6416B5DAF800208BD1 /* logo_pl@2x.png */; };
		83760A7416B5F57200208BD1 /* DailyCell.m in Sources */ = {isa = PBXBuildFile; fileRef = 83760A7316B5F57200208BD1 /* DailyCell.m */; };
		8387874716CC193A00D9CFD8 /* Clip.m in Sources */ = {isa = PBXBuildFile; fileRef = 8387874616CC193A00D9CFD8 /* Clip.m */; };
		8387874B16CD53C400D9CFD8 /* selectedProject.png in Resources */ = {isa = PBXBuildFile; fileRef = 8387874916CD53C400D9CFD8 /* selectedProject.png */; };
		8387874C16CD53C400D9CFD8 /* selectedProject@2x.png in Resources */ = {isa = PBXBuildFile; fileRef = 8387874A16CD53C400D9CFD8 /* selectedProject@2x.png */; };
		8387875C16CDA7C400D9CFD8 /* DailyOverviewSectionCell.m in Sources */ = {isa = PBXBuildFile; fileRef = 8387875B16CDA7C400D9CFD8 /* DailyOverviewSectionCell.m */; };
		8387876316CEF44000D9CFD8 /* DailyOverviewClipCell.m in Sources */ = {isa = PBXBuildFile; fileRef = 8387876216CEF44000D9CFD8 /* DailyOverviewClipCell.m */; };
		8387876F16CF105C00D9CFD8 /* sequenz-pfeil.png in Resources */ = {isa = PBXBuildFile; fileRef = 8387876D16CF105C00D9CFD8 /* sequenz-pfeil.png */; };
		8387877016CF105C00D9CFD8 /* sequenz-pfeil@2x.png in Resources */ = {isa = PBXBuildFile; fileRef = 8387876E16CF105C00D9CFD8 /* sequenz-pfeil@2x.png */; };
		8387877C16D0008900D9CFD8 /* sequenz-bg.png in Resources */ = {isa = PBXBuildFile; fileRef = 8387877A16D0008900D9CFD8 /* sequenz-bg.png */; };
		8387877D16D0008900D9CFD8 /* sequenz-bg@2x.png in Resources */ = {isa = PBXBuildFile; fileRef = 8387877B16D0008900D9CFD8 /* sequenz-bg@2x.png */; };
		8387878016D0014B00D9CFD8 /* sequenz-verlauf@2x.png in Resources */ = {isa = PBXBuildFile; fileRef = 8387877E16D0014B00D9CFD8 /* sequenz-verlauf@2x.png */; };
		8387878116D0014B00D9CFD8 /* sequenz-verlauf.png in Resources */ = {isa = PBXBuildFile; fileRef = 8387877F16D0014B00D9CFD8 /* sequenz-verlauf.png */; };
		8387878416D0196400D9CFD8 /* projectView_bg.png in Resources */ = {isa = PBXBuildFile; fileRef = 8387878216D0196400D9CFD8 /* projectView_bg.png */; };
		8387878516D0196400D9CFD8 /* projectView_bg@2x.png in Resources */ = {isa = PBXBuildFile; fileRef = 8387878316D0196400D9CFD8 /* projectView_bg@2x.png */; };
		8387878816D01D5600D9CFD8 /* projectViewDaily_bg.png in Resources */ = {isa = PBXBuildFile; fileRef = 8387878616D01D5600D9CFD8 /* projectViewDaily_bg.png */; };
		8387878916D01D5600D9CFD8 /* projectViewDaily_bg@2x.png in Resources */ = {isa = PBXBuildFile; fileRef = 8387878716D01D5600D9CFD8 /* projectViewDaily_bg@2x.png */; };
		8387879016D021B400D9CFD8 /* dailiesOverviewView_bg.png in Resources */ = {isa = PBXBuildFile; fileRef = 8387878E16D021B400D9CFD8 /* dailiesOverviewView_bg.png */; };
		8387879116D021B400D9CFD8 /* dailiesOverviewView_bg@2x.png in Resources */ = {isa = PBXBuildFile; fileRef = 8387878F16D021B400D9CFD8 /* dailiesOverviewView_bg@2x.png */; };
		8387879B16D0364E00D9CFD8 /* MBProgressHUD.m in Sources */ = {isa = PBXBuildFile; fileRef = 8387879A16D0364D00D9CFD8 /* MBProgressHUD.m */; };
		8392BC0116C84D2A0078FC49 /* contact_web_btn@2x.png in Resources */ = {isa = PBXBuildFile; fileRef = 8392BBF916C84D2A0078FC49 /* contact_web_btn@2x.png */; };
		8392BC0216C84D2A0078FC49 /* contact_mail_btn@2x.png in Resources */ = {isa = PBXBuildFile; fileRef = 8392BBFA16C84D2A0078FC49 /* contact_mail_btn@2x.png */; };
		8392BC0316C84D2A0078FC49 /* contact_map_btn@2x.png in Resources */ = {isa = PBXBuildFile; fileRef = 8392BBFB16C84D2A0078FC49 /* contact_map_btn@2x.png */; };
		8392BC0416C84D2A0078FC49 /* contact_tel_btn@2x.png in Resources */ = {isa = PBXBuildFile; fileRef = 8392BBFC16C84D2A0078FC49 /* contact_tel_btn@2x.png */; };
		8392BC0516C84D2A0078FC49 /* contact_web_btn.png in Resources */ = {isa = PBXBuildFile; fileRef = 8392BBFD16C84D2A0078FC49 /* contact_web_btn.png */; };
		8392BC0616C84D2A0078FC49 /* contact_mail_btn.png in Resources */ = {isa = PBXBuildFile; fileRef = 8392BBFE16C84D2A0078FC49 /* contact_mail_btn.png */; };
		8392BC0716C84D2A0078FC49 /* contact_map_btn.png in Resources */ = {isa = PBXBuildFile; fileRef = 8392BBFF16C84D2A0078FC49 /* contact_map_btn.png */; };
		8392BC0816C84D2A0078FC49 /* contact_tel_btn.png in Resources */ = {isa = PBXBuildFile; fileRef = 8392BC0016C84D2A0078FC49 /* contact_tel_btn.png */; };
		8392BC1E16C99FDF0078FC49 /* wftg_btn_settings.png in Resources */ = {isa = PBXBuildFile; fileRef = 8392BC0E16C99FDF0078FC49 /* wftg_btn_settings.png */; };
		8392BC1F16C99FDF0078FC49 /* wftg_btn_settings_active.png in Resources */ = {isa = PBXBuildFile; fileRef = 8392BC0F16C99FDF0078FC49 /* wftg_btn_settings_active.png */; };
		8392BC2016C99FDF0078FC49 /* wftg_btn_settings_active@2x.png in Resources */ = {isa = PBXBuildFile; fileRef = 8392BC1016C99FDF0078FC49 /* wftg_btn_settings_active@2x.png */; };
		8392BC2116C99FDF0078FC49 /* wftg_btn_settings@2x.png in Resources */ = {isa = PBXBuildFile; fileRef = 8392BC1116C99FDF0078FC49 /* wftg_btn_settings@2x.png */; };
		8392BC2216C99FDF0078FC49 /* wftg_btn_search.png in Resources */ = {isa = PBXBuildFile; fileRef = 8392BC1216C99FDF0078FC49 /* wftg_btn_search.png */; };
		8392BC2316C99FDF0078FC49 /* wftg_btn_search_active.png in Resources */ = {isa = PBXBuildFile; fileRef = 8392BC1316C99FDF0078FC49 /* wftg_btn_search_active.png */; };
		8392BC2416C99FDF0078FC49 /* wftg_btn_search_active@2x.png in Resources */ = {isa = PBXBuildFile; fileRef = 8392BC1416C99FDF0078FC49 /* wftg_btn_search_active@2x.png */; };
		8392BC2516C99FDF0078FC49 /* wftg_btn_search@2x.png in Resources */ = {isa = PBXBuildFile; fileRef = 8392BC1516C99FDF0078FC49 /* wftg_btn_search@2x.png */; };
		8392BC2616C99FDF0078FC49 /* wftg_btn_overview.png in Resources */ = {isa = PBXBuildFile; fileRef = 8392BC1616C99FDF0078FC49 /* wftg_btn_overview.png */; };
		8392BC2716C99FDF0078FC49 /* wftg_btn_overview_active.png in Resources */ = {isa = PBXBuildFile; fileRef = 8392BC1716C99FDF0078FC49 /* wftg_btn_overview_active.png */; };
		8392BC2816C99FDF0078FC49 /* wftg_btn_overview_active@2x.png in Resources */ = {isa = PBXBuildFile; fileRef = 8392BC1816C99FDF0078FC49 /* wftg_btn_overview_active@2x.png */; };
		8392BC2916C99FDF0078FC49 /* wftg_btn_overview@2x.png in Resources */ = {isa = PBXBuildFile; fileRef = 8392BC1916C99FDF0078FC49 /* wftg_btn_overview@2x.png */; };
		8392BC2A16C99FDF0078FC49 /* wftg_btn_dailies.png in Resources */ = {isa = PBXBuildFile; fileRef = 8392BC1A16C99FDF0078FC49 /* wftg_btn_dailies.png */; };
		8392BC2B16C99FDF0078FC49 /* wftg_btn_dailies_active.png in Resources */ = {isa = PBXBuildFile; fileRef = 8392BC1B16C99FDF0078FC49 /* wftg_btn_dailies_active.png */; };
		8392BC2C16C99FDF0078FC49 /* wftg_btn_dailies_active@2x.png in Resources */ = {isa = PBXBuildFile; fileRef = 8392BC1C16C99FDF0078FC49 /* wftg_btn_dailies_active@2x.png */; };
		8392BC2D16C99FDF0078FC49 /* wftg_btn_dailies@2x.png in Resources */ = {isa = PBXBuildFile; fileRef = 8392BC1D16C99FDF0078FC49 /* wftg_btn_dailies@2x.png */; };
		8392BC3116C9A6340078FC49 /* DailiesOverviewViewController.m in Sources */ = {isa = PBXBuildFile; fileRef = 8392BC3016C9A6340078FC49 /* DailiesOverviewViewController.m */; };
		83A280EC16BDC03B00BB698A /* SectionInfo.m in Sources */ = {isa = PBXBuildFile; fileRef = 83A280E916BDC03B00BB698A /* SectionInfo.m */; };
		83A280ED16BDC03B00BB698A /* SectionHeaderView.m in Sources */ = {isa = PBXBuildFile; fileRef = 83A280EB16BDC03B00BB698A /* SectionHeaderView.m */; };
		83A280EF16BDC80800BB698A /* QuartzCore.framework in Frameworks */ = {isa = PBXBuildFile; fileRef = 83A280EE16BDC80800BB698A /* QuartzCore.framework */; };
		83B8F1C716DEC20A001C0672 /* DailyClipCell.m in Sources */ = {isa = PBXBuildFile; fileRef = 83B8F1C616DEC20A001C0672 /* DailyClipCell.m */; };
/* End PBXBuildFile section */

/* Begin PBXFileReference section */
		8306BF8416E292AE005F76E4 /* dailyCommentBtn@2x.png */ = {isa = PBXFileReference; lastKnownFileType = image.png; path = "dailyCommentBtn@2x.png"; sourceTree = "<group>"; };
		8306BF8516E292AE005F76E4 /* dailyCommentBtn.png */ = {isa = PBXFileReference; lastKnownFileType = image.png; path = dailyCommentBtn.png; sourceTree = "<group>"; };
		831D695B16C43F9100169061 /* contact.png */ = {isa = PBXFileReference; lastKnownFileType = image.png; path = contact.png; sourceTree = "<group>"; };
		831D695C16C43F9100169061 /* contact@2x.png */ = {isa = PBXFileReference; lastKnownFileType = image.png; path = "contact@2x.png"; sourceTree = "<group>"; };
		831D695D16C43F9100169061 /* start_btn.png */ = {isa = PBXFileReference; lastKnownFileType = image.png; path = start_btn.png; sourceTree = "<group>"; };
		831D695E16C43F9100169061 /* start_btn@2x.png */ = {isa = PBXFileReference; lastKnownFileType = image.png; path = "start_btn@2x.png"; sourceTree = "<group>"; };
		8329B3C316B867DC00D786D3 /* MainStoryboard.storyboard */ = {isa = PBXFileReference; fileEncoding = 4; lastKnownFileType = file.storyboard; path = MainStoryboard.storyboard; sourceTree = "<group>"; };
		8329B3C616B86FE500D786D3 /* ProjectsViewControllerNew.h */ = {isa = PBXFileReference; fileEncoding = 4; lastKnownFileType = sourcecode.c.h; path = ProjectsViewControllerNew.h; sourceTree = "<group>"; };
		8329B3C716B86FE500D786D3 /* ProjectsViewControllerNew.m */ = {isa = PBXFileReference; fileEncoding = 4; lastKnownFileType = sourcecode.c.objc; path = ProjectsViewControllerNew.m; sourceTree = "<group>"; };
		8333471C16DA57FD00956D03 /* DailyViewController.h */ = {isa = PBXFileReference; fileEncoding = 4; lastKnownFileType = sourcecode.c.h; path = DailyViewController.h; sourceTree = "<group>"; };
		8333471D16DA57FD00956D03 /* DailyViewController.m */ = {isa = PBXFileReference; fileEncoding = 4; lastKnownFileType = sourcecode.c.objc; path = DailyViewController.m; sourceTree = "<group>"; };
		8333472016DA925E00956D03 /* XMLDailyParser.h */ = {isa = PBXFileReference; fileEncoding = 4; lastKnownFileType = sourcecode.c.h; path = XMLDailyParser.h; sourceTree = "<group>"; };
		8333472116DA925F00956D03 /* XMLDailyParser.m */ = {isa = PBXFileReference; fileEncoding = 4; lastKnownFileType = sourcecode.c.objc; path = XMLDailyParser.m; sourceTree = "<group>"; };
		8333472316DACF8E00956D03 /* MediaPlayer.framework */ = {isa = PBXFileReference; lastKnownFileType = wrapper.framework; name = MediaPlayer.framework; path = System/Library/Frameworks/MediaPlayer.framework; sourceTree = SDKROOT; };
		8337A52A16B42AAC00C173C1 /* LoginViewController.h */ = {isa = PBXFileReference; fileEncoding = 4; lastKnownFileType = sourcecode.c.h; path = LoginViewController.h; sourceTree = "<group>"; };
		8337A52B16B42AAC00C173C1 /* LoginViewController.m */ = {isa = PBXFileReference; fileEncoding = 4; lastKnownFileType = sourcecode.c.objc; path = LoginViewController.m; sourceTree = "<group>"; };
		8337A52D16B42C4400C173C1 /* startPage_bg@2x.png */ = {isa = PBXFileReference; lastKnownFileType = image.png; path = "startPage_bg@2x.png"; sourceTree = "<group>"; };
		8337A52E16B42C4400C173C1 /* startPage_bg.png */ = {isa = PBXFileReference; lastKnownFileType = image.png; path = startPage_bg.png; sourceTree = "<group>"; };
		8337A53116B4378700C173C1 /* XMLLoginParser.h */ = {isa = PBXFileReference; fileEncoding = 4; lastKnownFileType = sourcecode.c.h; path = XMLLoginParser.h; sourceTree = "<group>"; };
		8337A53216B4378700C173C1 /* XMLLoginParser.m */ = {isa = PBXFileReference; fileEncoding = 4; lastKnownFileType = sourcecode.c.objc; path = XMLLoginParser.m; sourceTree = "<group>"; };
		8337A53516B43CA500C173C1 /* User.h */ = {isa = PBXFileReference; fileEncoding = 4; lastKnownFileType = sourcecode.c.h; path = User.h; sourceTree = "<group>"; };
		8337A53616B43CA500C173C1 /* User.m */ = {isa = PBXFileReference; fileEncoding = 4; lastKnownFileType = sourcecode.c.objc; path = User.m; sourceTree = "<group>"; };
		8344E99A16E2BEF400732B11 /* CloseButton.png */ = {isa = PBXFileReference; lastKnownFileType = image.png; path = CloseButton.png; sourceTree = "<group>"; };
		8344E99B16E2BEF400732B11 /* CloseButton@2x.png */ = {isa = PBXFileReference; lastKnownFileType = image.png; path = "CloseButton@2x.png"; sourceTree = "<group>"; };
		834B6C3816B3477000AA00EA /* WeFadeToGrayApp_001.app */ = {isa = PBXFileReference; explicitFileType = wrapper.application; includeInIndex = 0; path = WeFadeToGrayApp_001.app; sourceTree = BUILT_PRODUCTS_DIR; };
		834B6C3C16B3477000AA00EA /* UIKit.framework */ = {isa = PBXFileReference; lastKnownFileType = wrapper.framework; name = UIKit.framework; path = System/Library/Frameworks/UIKit.framework; sourceTree = SDKROOT; };
		834B6C3E16B3477000AA00EA /* Foundation.framework */ = {isa = PBXFileReference; lastKnownFileType = wrapper.framework; name = Foundation.framework; path = System/Library/Frameworks/Foundation.framework; sourceTree = SDKROOT; };
		834B6C4016B3477000AA00EA /* CoreGraphics.framework */ = {isa = PBXFileReference; lastKnownFileType = wrapper.framework; name = CoreGraphics.framework; path = System/Library/Frameworks/CoreGraphics.framework; sourceTree = SDKROOT; };
		834B6C4416B3477000AA00EA /* WeFadeToGrayApp_001-Info.plist */ = {isa = PBXFileReference; lastKnownFileType = text.plist.xml; path = "WeFadeToGrayApp_001-Info.plist"; sourceTree = "<group>"; };
		834B6C4616B3477000AA00EA /* en */ = {isa = PBXFileReference; lastKnownFileType = text.plist.strings; name = en; path = en.lproj/InfoPlist.strings; sourceTree = "<group>"; };
		834B6C4816B3477000AA00EA /* main.m */ = {isa = PBXFileReference; lastKnownFileType = sourcecode.c.objc; path = main.m; sourceTree = "<group>"; };
		834B6C4A16B3477000AA00EA /* WeFadeToGrayApp_001-Prefix.pch */ = {isa = PBXFileReference; lastKnownFileType = sourcecode.c.h; path = "WeFadeToGrayApp_001-Prefix.pch"; sourceTree = "<group>"; };
		834B6C4B16B3477000AA00EA /* AppDelegate.h */ = {isa = PBXFileReference; lastKnownFileType = sourcecode.c.h; path = AppDelegate.h; sourceTree = "<group>"; };
		834B6C4C16B3477000AA00EA /* AppDelegate.m */ = {isa = PBXFileReference; lastKnownFileType = sourcecode.c.objc; path = AppDelegate.m; sourceTree = "<group>"; };
		834B6C4E16B3477000AA00EA /* Default.png */ = {isa = PBXFileReference; lastKnownFileType = image.png; path = Default.png; sourceTree = "<group>"; };
		834B6C5016B3477000AA00EA /* Default@2x.png */ = {isa = PBXFileReference; lastKnownFileType = image.png; path = "Default@2x.png"; sourceTree = "<group>"; };
		834B6C5216B3477000AA00EA /* Default-568h@2x.png */ = {isa = PBXFileReference; lastKnownFileType = image.png; path = "Default-568h@2x.png"; sourceTree = "<group>"; };
		834B6C5716B3477000AA00EA /* ViewController.h */ = {isa = PBXFileReference; lastKnownFileType = sourcecode.c.h; path = ViewController.h; sourceTree = "<group>"; };
		834B6C5816B3477000AA00EA /* ViewController.m */ = {isa = PBXFileReference; lastKnownFileType = sourcecode.c.objc; path = ViewController.m; sourceTree = "<group>"; };
		834B6C6616B34E8000AA00EA /* Daily.h */ = {isa = PBXFileReference; fileEncoding = 4; lastKnownFileType = sourcecode.c.h; path = Daily.h; sourceTree = "<group>"; };
		834B6C6716B34E8000AA00EA /* Daily.m */ = {isa = PBXFileReference; fileEncoding = 4; lastKnownFileType = sourcecode.c.objc; path = Daily.m; sourceTree = "<group>"; };
		834B6C6916B34E9B00AA00EA /* Project.h */ = {isa = PBXFileReference; fileEncoding = 4; lastKnownFileType = sourcecode.c.h; path = Project.h; sourceTree = "<group>"; };
		834B6C6A16B34E9B00AA00EA /* Project.m */ = {isa = PBXFileReference; fileEncoding = 4; lastKnownFileType = sourcecode.c.objc; path = Project.m; sourceTree = "<group>"; };
		834B6C6B16B34E9B00AA00EA /* XMLProjectsParser.h */ = {isa = PBXFileReference; fileEncoding = 4; lastKnownFileType = sourcecode.c.h; path = XMLProjectsParser.h; sourceTree = "<group>"; };
		834B6C6C16B34E9B00AA00EA /* XMLProjectsParser.m */ = {isa = PBXFileReference; fileEncoding = 4; lastKnownFileType = sourcecode.c.objc; path = XMLProjectsParser.m; sourceTree = "<group>"; };
		834B6C6D16B34E9B00AA00EA /* XMLDailiesParser.h */ = {isa = PBXFileReference; fileEncoding = 4; lastKnownFileType = sourcecode.c.h; path = XMLDailiesParser.h; sourceTree = "<group>"; };
		834B6C6E16B34E9B00AA00EA /* XMLDailiesParser.m */ = {isa = PBXFileReference; fileEncoding = 4; lastKnownFileType = sourcecode.c.objc; path = XMLDailiesParser.m; sourceTree = "<group>"; };
		834B6C6F16B34E9B00AA00EA /* DailySimple.h */ = {isa = PBXFileReference; fileEncoding = 4; lastKnownFileType = sourcecode.c.h; path = DailySimple.h; sourceTree = "<group>"; };
		834B6C7016B34E9B00AA00EA /* DailySimple.m */ = {isa = PBXFileReference; fileEncoding = 4; lastKnownFileType = sourcecode.c.objc; path = DailySimple.m; sourceTree = "<group>"; };
		834B6C7516B3FC7300AA00EA /* Default-Landscape~ipad.png */ = {isa = PBXFileReference; lastKnownFileType = image.png; name = "Default-Landscape~ipad.png"; path = "../Default-Landscape~ipad.png"; sourceTree = "<group>"; };
		834B6C7716B3FC8000AA00EA /* Default-Landscape@2x~ipad.png */ = {isa = PBXFileReference; lastKnownFileType = image.png; name = "Default-Landscape@2x~ipad.png"; path = "../Default-Landscape@2x~ipad.png"; sourceTree = "<group>"; };
		834B6C7E16B4056100AA00EA /* login_btn.png */ = {isa = PBXFileReference; lastKnownFileType = image.png; path = login_btn.png; sourceTree = "<group>"; };
		834B6C7F16B4056100AA00EA /* login_btn@2x.png */ = {isa = PBXFileReference; lastKnownFileType = image.png; path = "login_btn@2x.png"; sourceTree = "<group>"; };
		835DBB5D16C443DA0045458F /* ContactViewController.h */ = {isa = PBXFileReference; fileEncoding = 4; lastKnownFileType = sourcecode.c.h; path = ContactViewController.h; sourceTree = "<group>"; };
		835DBB5E16C443DA0045458F /* ContactViewController.m */ = {isa = PBXFileReference; fileEncoding = 4; lastKnownFileType = sourcecode.c.objc; path = ContactViewController.m; sourceTree = "<group>"; };
		835DBB6116C447400045458F /* bc_contact.png */ = {isa = PBXFileReference; lastKnownFileType = image.png; path = bc_contact.png; sourceTree = "<group>"; };
		835DBB6216C447400045458F /* bc_contact@2x.png */ = {isa = PBXFileReference; lastKnownFileType = image.png; path = "bc_contact@2x.png"; sourceTree = "<group>"; };
		835DBB6316C447400045458F /* logo_contact.png */ = {isa = PBXFileReference; lastKnownFileType = image.png; path = logo_contact.png; sourceTree = "<group>"; };
		835DBB6416C447400045458F /* logo_contact@2x.png */ = {isa = PBXFileReference; lastKnownFileType = image.png; path = "logo_contact@2x.png"; sourceTree = "<group>"; };
		835DBB6916C45AD50045458F /* back.png */ = {isa = PBXFileReference; lastKnownFileType = image.png; path = back.png; sourceTree = "<group>"; };
		835DBB6A16C45AD50045458F /* back@2x.png */ = {isa = PBXFileReference; lastKnownFileType = image.png; path = "back@2x.png"; sourceTree = "<group>"; };
		835DBB6D16C57AC20045458F /* logout.png */ = {isa = PBXFileReference; lastKnownFileType = image.png; path = logout.png; sourceTree = "<group>"; };
		835DBB6E16C57AC20045458F /* logout@2x.png */ = {isa = PBXFileReference; lastKnownFileType = image.png; path = "logout@2x.png"; sourceTree = "<group>"; };
		83760A5D16B5DAF800208BD1 /* bg_pl.png */ = {isa = PBXFileReference; lastKnownFileType = image.png; path = bg_pl.png; sourceTree = "<group>"; };
		83760A5E16B5DAF800208BD1 /* bg_pl@2x.png */ = {isa = PBXFileReference; lastKnownFileType = image.png; path = "bg_pl@2x.png"; sourceTree = "<group>"; };
		83760A5F16B5DAF800208BD1 /* footer_bg_pl.png */ = {isa = PBXFileReference; lastKnownFileType = image.png; path = footer_bg_pl.png; sourceTree = "<group>"; };
		83760A6016B5DAF800208BD1 /* footer_bg_pl@2x.png */ = {isa = PBXFileReference; lastKnownFileType = image.png; path = "footer_bg_pl@2x.png"; sourceTree = "<group>"; };
		83760A6116B5DAF800208BD1 /* header_bg_pl@2x.png */ = {isa = PBXFileReference; lastKnownFileType = image.png; path = "header_bg_pl@2x.png"; sourceTree = "<group>"; };
		83760A6216B5DAF800208BD1 /* header_bg_pl.png */ = {isa = PBXFileReference; lastKnownFileType = image.png; path = header_bg_pl.png; sourceTree = "<group>"; };
		83760A6316B5DAF800208BD1 /* logo_pl.png */ = {isa = PBXFileReference; lastKnownFileType = image.png; path = logo_pl.png; sourceTree = "<group>"; };
		83760A6416B5DAF800208BD1 /* logo_pl@2x.png */ = {isa = PBXFileReference; lastKnownFileType = image.png; path = "logo_pl@2x.png"; sourceTree = "<group>"; };
		83760A7216B5F57200208BD1 /* DailyCell.h */ = {isa = PBXFileReference; fileEncoding = 4; lastKnownFileType = sourcecode.c.h; path = DailyCell.h; sourceTree = "<group>"; };
		83760A7316B5F57200208BD1 /* DailyCell.m */ = {isa = PBXFileReference; fileEncoding = 4; lastKnownFileType = sourcecode.c.objc; path = DailyCell.m; sourceTree = "<group>"; };
		8387874516CC193A00D9CFD8 /* Clip.h */ = {isa = PBXFileReference; fileEncoding = 4; lastKnownFileType = sourcecode.c.h; path = Clip.h; sourceTree = "<group>"; };
		8387874616CC193A00D9CFD8 /* Clip.m */ = {isa = PBXFileReference; fileEncoding = 4; lastKnownFileType = sourcecode.c.objc; path = Clip.m; sourceTree = "<group>"; };
		8387874916CD53C400D9CFD8 /* selectedProject.png */ = {isa = PBXFileReference; lastKnownFileType = image.png; path = selectedProject.png; sourceTree = "<group>"; };
		8387874A16CD53C400D9CFD8 /* selectedProject@2x.png */ = {isa = PBXFileReference; lastKnownFileType = image.png; path = "selectedProject@2x.png"; sourceTree = "<group>"; };
		8387875A16CDA7C400D9CFD8 /* DailyOverviewSectionCell.h */ = {isa = PBXFileReference; fileEncoding = 4; lastKnownFileType = sourcecode.c.h; path = DailyOverviewSectionCell.h; sourceTree = "<group>"; };
		8387875B16CDA7C400D9CFD8 /* DailyOverviewSectionCell.m */ = {isa = PBXFileReference; fileEncoding = 4; lastKnownFileType = sourcecode.c.objc; path = DailyOverviewSectionCell.m; sourceTree = "<group>"; };
		8387876116CEF44000D9CFD8 /* DailyOverviewClipCell.h */ = {isa = PBXFileReference; fileEncoding = 4; lastKnownFileType = sourcecode.c.h; path = DailyOverviewClipCell.h; sourceTree = "<group>"; };
		8387876216CEF44000D9CFD8 /* DailyOverviewClipCell.m */ = {isa = PBXFileReference; fileEncoding = 4; lastKnownFileType = sourcecode.c.objc; path = DailyOverviewClipCell.m; sourceTree = "<group>"; };
		8387876D16CF105C00D9CFD8 /* sequenz-pfeil.png */ = {isa = PBXFileReference; lastKnownFileType = image.png; path = "sequenz-pfeil.png"; sourceTree = "<group>"; };
		8387876E16CF105C00D9CFD8 /* sequenz-pfeil@2x.png */ = {isa = PBXFileReference; lastKnownFileType = image.png; path = "sequenz-pfeil@2x.png"; sourceTree = "<group>"; };
		8387877A16D0008900D9CFD8 /* sequenz-bg.png */ = {isa = PBXFileReference; lastKnownFileType = image.png; path = "sequenz-bg.png"; sourceTree = "<group>"; };
		8387877B16D0008900D9CFD8 /* sequenz-bg@2x.png */ = {isa = PBXFileReference; lastKnownFileType = image.png; path = "sequenz-bg@2x.png"; sourceTree = "<group>"; };
		8387877E16D0014B00D9CFD8 /* sequenz-verlauf@2x.png */ = {isa = PBXFileReference; lastKnownFileType = image.png; path = "sequenz-verlauf@2x.png"; sourceTree = "<group>"; };
		8387877F16D0014B00D9CFD8 /* sequenz-verlauf.png */ = {isa = PBXFileReference; lastKnownFileType = image.png; path = "sequenz-verlauf.png"; sourceTree = "<group>"; };
		8387878216D0196400D9CFD8 /* projectView_bg.png */ = {isa = PBXFileReference; lastKnownFileType = image.png; path = projectView_bg.png; sourceTree = "<group>"; };
		8387878316D0196400D9CFD8 /* projectView_bg@2x.png */ = {isa = PBXFileReference; lastKnownFileType = image.png; path = "projectView_bg@2x.png"; sourceTree = "<group>"; };
		8387878616D01D5600D9CFD8 /* projectViewDaily_bg.png */ = {isa = PBXFileReference; lastKnownFileType = image.png; path = projectViewDaily_bg.png; sourceTree = "<group>"; };
		8387878716D01D5600D9CFD8 /* projectViewDaily_bg@2x.png */ = {isa = PBXFileReference; lastKnownFileType = image.png; path = "projectViewDaily_bg@2x.png"; sourceTree = "<group>"; };
		8387878E16D021B400D9CFD8 /* dailiesOverviewView_bg.png */ = {isa = PBXFileReference; lastKnownFileType = image.png; path = dailiesOverviewView_bg.png; sourceTree = "<group>"; };
		8387878F16D021B400D9CFD8 /* dailiesOverviewView_bg@2x.png */ = {isa = PBXFileReference; lastKnownFileType = image.png; path = "dailiesOverviewView_bg@2x.png"; sourceTree = "<group>"; };
		8387879916D0364D00D9CFD8 /* MBProgressHUD.h */ = {isa = PBXFileReference; fileEncoding = 4; lastKnownFileType = sourcecode.c.h; path = MBProgressHUD.h; sourceTree = "<group>"; };
		8387879A16D0364D00D9CFD8 /* MBProgressHUD.m */ = {isa = PBXFileReference; fileEncoding = 4; lastKnownFileType = sourcecode.c.objc; path = MBProgressHUD.m; sourceTree = "<group>"; };
		8392BBF916C84D2A0078FC49 /* contact_web_btn@2x.png */ = {isa = PBXFileReference; lastKnownFileType = image.png; path = "contact_web_btn@2x.png"; sourceTree = "<group>"; };
		8392BBFA16C84D2A0078FC49 /* contact_mail_btn@2x.png */ = {isa = PBXFileReference; lastKnownFileType = image.png; path = "contact_mail_btn@2x.png"; sourceTree = "<group>"; };
		8392BBFB16C84D2A0078FC49 /* contact_map_btn@2x.png */ = {isa = PBXFileReference; lastKnownFileType = image.png; path = "contact_map_btn@2x.png"; sourceTree = "<group>"; };
		8392BBFC16C84D2A0078FC49 /* contact_tel_btn@2x.png */ = {isa = PBXFileReference; lastKnownFileType = image.png; path = "contact_tel_btn@2x.png"; sourceTree = "<group>"; };
		8392BBFD16C84D2A0078FC49 /* contact_web_btn.png */ = {isa = PBXFileReference; lastKnownFileType = image.png; path = contact_web_btn.png; sourceTree = "<group>"; };
		8392BBFE16C84D2A0078FC49 /* contact_mail_btn.png */ = {isa = PBXFileReference; lastKnownFileType = image.png; path = contact_mail_btn.png; sourceTree = "<group>"; };
		8392BBFF16C84D2A0078FC49 /* contact_map_btn.png */ = {isa = PBXFileReference; lastKnownFileType = image.png; path = contact_map_btn.png; sourceTree = "<group>"; };
		8392BC0016C84D2A0078FC49 /* contact_tel_btn.png */ = {isa = PBXFileReference; lastKnownFileType = image.png; path = contact_tel_btn.png; sourceTree = "<group>"; };
		8392BC0E16C99FDF0078FC49 /* wftg_btn_settings.png */ = {isa = PBXFileReference; lastKnownFileType = image.png; path = wftg_btn_settings.png; sourceTree = "<group>"; };
		8392BC0F16C99FDF0078FC49 /* wftg_btn_settings_active.png */ = {isa = PBXFileReference; lastKnownFileType = image.png; path = wftg_btn_settings_active.png; sourceTree = "<group>"; };
		8392BC1016C99FDF0078FC49 /* wftg_btn_settings_active@2x.png */ = {isa = PBXFileReference; lastKnownFileType = image.png; path = "wftg_btn_settings_active@2x.png"; sourceTree = "<group>"; };
		8392BC1116C99FDF0078FC49 /* wftg_btn_settings@2x.png */ = {isa = PBXFileReference; lastKnownFileType = image.png; path = "wftg_btn_settings@2x.png"; sourceTree = "<group>"; };
		8392BC1216C99FDF0078FC49 /* wftg_btn_search.png */ = {isa = PBXFileReference; lastKnownFileType = image.png; path = wftg_btn_search.png; sourceTree = "<group>"; };
		8392BC1316C99FDF0078FC49 /* wftg_btn_search_active.png */ = {isa = PBXFileReference; lastKnownFileType = image.png; path = wftg_btn_search_active.png; sourceTree = "<group>"; };
		8392BC1416C99FDF0078FC49 /* wftg_btn_search_active@2x.png */ = {isa = PBXFileReference; lastKnownFileType = image.png; path = "wftg_btn_search_active@2x.png"; sourceTree = "<group>"; };
		8392BC1516C99FDF0078FC49 /* wftg_btn_search@2x.png */ = {isa = PBXFileReference; lastKnownFileType = image.png; path = "wftg_btn_search@2x.png"; sourceTree = "<group>"; };
		8392BC1616C99FDF0078FC49 /* wftg_btn_overview.png */ = {isa = PBXFileReference; lastKnownFileType = image.png; path = wftg_btn_overview.png; sourceTree = "<group>"; };
		8392BC1716C99FDF0078FC49 /* wftg_btn_overview_active.png */ = {isa = PBXFileReference; lastKnownFileType = image.png; path = wftg_btn_overview_active.png; sourceTree = "<group>"; };
		8392BC1816C99FDF0078FC49 /* wftg_btn_overview_active@2x.png */ = {isa = PBXFileReference; lastKnownFileType = image.png; path = "wftg_btn_overview_active@2x.png"; sourceTree = "<group>"; };
		8392BC1916C99FDF0078FC49 /* wftg_btn_overview@2x.png */ = {isa = PBXFileReference; lastKnownFileType = image.png; path = "wftg_btn_overview@2x.png"; sourceTree = "<group>"; };
		8392BC1A16C99FDF0078FC49 /* wftg_btn_dailies.png */ = {isa = PBXFileReference; lastKnownFileType = image.png; path = wftg_btn_dailies.png; sourceTree = "<group>"; };
		8392BC1B16C99FDF0078FC49 /* wftg_btn_dailies_active.png */ = {isa = PBXFileReference; lastKnownFileType = image.png; path = wftg_btn_dailies_active.png; sourceTree = "<group>"; };
		8392BC1C16C99FDF0078FC49 /* wftg_btn_dailies_active@2x.png */ = {isa = PBXFileReference; lastKnownFileType = image.png; path = "wftg_btn_dailies_active@2x.png"; sourceTree = "<group>"; };
		8392BC1D16C99FDF0078FC49 /* wftg_btn_dailies@2x.png */ = {isa = PBXFileReference; lastKnownFileType = image.png; path = "wftg_btn_dailies@2x.png"; sourceTree = "<group>"; };
		8392BC2F16C9A6340078FC49 /* DailiesOverviewViewController.h */ = {isa = PBXFileReference; fileEncoding = 4; lastKnownFileType = sourcecode.c.h; path = DailiesOverviewViewController.h; sourceTree = "<group>"; };
		8392BC3016C9A6340078FC49 /* DailiesOverviewViewController.m */ = {isa = PBXFileReference; fileEncoding = 4; lastKnownFileType = sourcecode.c.objc; path = DailiesOverviewViewController.m; sourceTree = "<group>"; };
		83A280E816BDC03B00BB698A /* SectionInfo.h */ = {isa = PBXFileReference; fileEncoding = 4; lastKnownFileType = sourcecode.c.h; path = SectionInfo.h; sourceTree = "<group>"; };
		83A280E916BDC03B00BB698A /* SectionInfo.m */ = {isa = PBXFileReference; fileEncoding = 4; lastKnownFileType = sourcecode.c.objc; path = SectionInfo.m; sourceTree = "<group>"; };
		83A280EA16BDC03B00BB698A /* SectionHeaderView.h */ = {isa = PBXFileReference; fileEncoding = 4; lastKnownFileType = sourcecode.c.h; path = SectionHeaderView.h; sourceTree = "<group>"; };
		83A280EB16BDC03B00BB698A /* SectionHeaderView.m */ = {isa = PBXFileReference; fileEncoding = 4; lastKnownFileType = sourcecode.c.objc; path = SectionHeaderView.m; sourceTree = "<group>"; };
		83A280EE16BDC80800BB698A /* QuartzCore.framework */ = {isa = PBXFileReference; lastKnownFileType = wrapper.framework; name = QuartzCore.framework; path = System/Library/Frameworks/QuartzCore.framework; sourceTree = SDKROOT; };
		83B8F1C516DEC20A001C0672 /* DailyClipCell.h */ = {isa = PBXFileReference; fileEncoding = 4; lastKnownFileType = sourcecode.c.h; path = DailyClipCell.h; sourceTree = "<group>"; };
		83B8F1C616DEC20A001C0672 /* DailyClipCell.m */ = {isa = PBXFileReference; fileEncoding = 4; lastKnownFileType = sourcecode.c.objc; path = DailyClipCell.m; sourceTree = "<group>"; };
/* End PBXFileReference section */

/* Begin PBXFrameworksBuildPhase section */
		834B6C3516B3477000AA00EA /* Frameworks */ = {
			isa = PBXFrameworksBuildPhase;
			buildActionMask = 2147483647;
			files = (
				8333472416DACF8F00956D03 /* MediaPlayer.framework in Frameworks */,
				83A280EF16BDC80800BB698A /* QuartzCore.framework in Frameworks */,
				834B6C3D16B3477000AA00EA /* UIKit.framework in Frameworks */,
				834B6C3F16B3477000AA00EA /* Foundation.framework in Frameworks */,
				834B6C4116B3477000AA00EA /* CoreGraphics.framework in Frameworks */,
			);
			runOnlyForDeploymentPostprocessing = 0;
		};
/* End PBXFrameworksBuildPhase section */

/* Begin PBXGroup section */
		8337A52816B42A1200C173C1 /* parser */ = {
			isa = PBXGroup;
			children = (
				834B6C6B16B34E9B00AA00EA /* XMLProjectsParser.h */,
				834B6C6C16B34E9B00AA00EA /* XMLProjectsParser.m */,
				834B6C6D16B34E9B00AA00EA /* XMLDailiesParser.h */,
				834B6C6E16B34E9B00AA00EA /* XMLDailiesParser.m */,
				8337A53116B4378700C173C1 /* XMLLoginParser.h */,
				8337A53216B4378700C173C1 /* XMLLoginParser.m */,
				8333472016DA925E00956D03 /* XMLDailyParser.h */,
				8333472116DA925F00956D03 /* XMLDailyParser.m */,
			);
			name = parser;
			sourceTree = "<group>";
		};
		8337A53416B43C5D00C173C1 /* Model */ = {
			isa = PBXGroup;
			children = (
				834B6C6916B34E9B00AA00EA /* Project.h */,
				834B6C6A16B34E9B00AA00EA /* Project.m */,
				834B6C6616B34E8000AA00EA /* Daily.h */,
				834B6C6716B34E8000AA00EA /* Daily.m */,
				834B6C6F16B34E9B00AA00EA /* DailySimple.h */,
				834B6C7016B34E9B00AA00EA /* DailySimple.m */,
				8337A53516B43CA500C173C1 /* User.h */,
				8337A53616B43CA500C173C1 /* User.m */,
				8387874516CC193A00D9CFD8 /* Clip.h */,
				8387874616CC193A00D9CFD8 /* Clip.m */,
			);
			name = Model;
			sourceTree = "<group>";
		};
		834B6C2D16B3477000AA00EA = {
			isa = PBXGroup;
			children = (
				834B6C4216B3477000AA00EA /* WeFadeToGrayApp_001 */,
				834B6C3B16B3477000AA00EA /* Frameworks */,
				834B6C3916B3477000AA00EA /* Products */,
			);
			sourceTree = "<group>";
		};
		834B6C3916B3477000AA00EA /* Products */ = {
			isa = PBXGroup;
			children = (
				834B6C3816B3477000AA00EA /* WeFadeToGrayApp_001.app */,
			);
			name = Products;
			sourceTree = "<group>";
		};
		834B6C3B16B3477000AA00EA /* Frameworks */ = {
			isa = PBXGroup;
			children = (
				8333472316DACF8E00956D03 /* MediaPlayer.framework */,
				83A280EE16BDC80800BB698A /* QuartzCore.framework */,
				834B6C3C16B3477000AA00EA /* UIKit.framework */,
				834B6C3E16B3477000AA00EA /* Foundation.framework */,
				834B6C4016B3477000AA00EA /* CoreGraphics.framework */,
			);
			name = Frameworks;
			sourceTree = "<group>";
		};
		834B6C4216B3477000AA00EA /* WeFadeToGrayApp_001 */ = {
			isa = PBXGroup;
			children = (
				8387879916D0364D00D9CFD8 /* MBProgressHUD.h */,
				8387879A16D0364D00D9CFD8 /* MBProgressHUD.m */,
				8387875916CDA77500D9CFD8 /* Cells */,
				83A280DC16BDBDBA00BB698A /* Section */,
				8337A53416B43C5D00C173C1 /* Model */,
				8337A52816B42A1200C173C1 /* parser */,
				834B6C4316B3477000AA00EA /* Supporting Files */,
				834B6C4B16B3477000AA00EA /* AppDelegate.h */,
				834B6C4C16B3477000AA00EA /* AppDelegate.m */,
				834B6C5716B3477000AA00EA /* ViewController.h */,
				834B6C5816B3477000AA00EA /* ViewController.m */,
				8337A52A16B42AAC00C173C1 /* LoginViewController.h */,
				8337A52B16B42AAC00C173C1 /* LoginViewController.m */,
				8329B3C616B86FE500D786D3 /* ProjectsViewControllerNew.h */,
				8329B3C716B86FE500D786D3 /* ProjectsViewControllerNew.m */,
				835DBB5D16C443DA0045458F /* ContactViewController.h */,
				835DBB5E16C443DA0045458F /* ContactViewController.m */,
				8392BC2F16C9A6340078FC49 /* DailiesOverviewViewController.h */,
				8392BC3016C9A6340078FC49 /* DailiesOverviewViewController.m */,
				8333471C16DA57FD00956D03 /* DailyViewController.h */,
				8333471D16DA57FD00956D03 /* DailyViewController.m */,
				8329B3C316B867DC00D786D3 /* MainStoryboard.storyboard */,
			);
			path = WeFadeToGrayApp_001;
			sourceTree = "<group>";
		};
		834B6C4316B3477000AA00EA /* Supporting Files */ = {
			isa = PBXGroup;
			children = (
				834B6C7D16B4052D00AA00EA /* pics */,
				834B6C4416B3477000AA00EA /* WeFadeToGrayApp_001-Info.plist */,
				834B6C4516B3477000AA00EA /* InfoPlist.strings */,
				834B6C4816B3477000AA00EA /* main.m */,
				834B6C4A16B3477000AA00EA /* WeFadeToGrayApp_001-Prefix.pch */,
			);
			name = "Supporting Files";
			sourceTree = "<group>";
		};
		834B6C7D16B4052D00AA00EA /* pics */ = {
			isa = PBXGroup;
			children = (
				8344E99A16E2BEF400732B11 /* CloseButton.png */,
				8344E99B16E2BEF400732B11 /* CloseButton@2x.png */,
				8306BF8416E292AE005F76E4 /* dailyCommentBtn@2x.png */,
				8306BF8516E292AE005F76E4 /* dailyCommentBtn.png */,
				8387878E16D021B400D9CFD8 /* dailiesOverviewView_bg.png */,
				8387878F16D021B400D9CFD8 /* dailiesOverviewView_bg@2x.png */,
				8387878616D01D5600D9CFD8 /* projectViewDaily_bg.png */,
				8387878716D01D5600D9CFD8 /* projectViewDaily_bg@2x.png */,
				8387878216D0196400D9CFD8 /* projectView_bg.png */,
				8387874916CD53C400D9CFD8 /* selectedProject.png */,
				8387878316D0196400D9CFD8 /* projectView_bg@2x.png */,
				8387877E16D0014B00D9CFD8 /* sequenz-verlauf@2x.png */,
				8387877F16D0014B00D9CFD8 /* sequenz-verlauf.png */,
				8387877A16D0008900D9CFD8 /* sequenz-bg.png */,
				8387877B16D0008900D9CFD8 /* sequenz-bg@2x.png */,
				8387876D16CF105C00D9CFD8 /* sequenz-pfeil.png */,
				8387876E16CF105C00D9CFD8 /* sequenz-pfeil@2x.png */,
				8387874A16CD53C400D9CFD8 /* selectedProject@2x.png */,
				8392BC0E16C99FDF0078FC49 /* wftg_btn_settings.png */,
				8392BC0F16C99FDF0078FC49 /* wftg_btn_settings_active.png */,
				8392BC1016C99FDF0078FC49 /* wftg_btn_settings_active@2x.png */,
				8392BC1116C99FDF0078FC49 /* wftg_btn_settings@2x.png */,
				8392BC1216C99FDF0078FC49 /* wftg_btn_search.png */,
				8392BC1316C99FDF0078FC49 /* wftg_btn_search_active.png */,
				8392BC1416C99FDF0078FC49 /* wftg_btn_search_active@2x.png */,
				8392BC1516C99FDF0078FC49 /* wftg_btn_search@2x.png */,
				8392BC1616C99FDF0078FC49 /* wftg_btn_overview.png */,
				8392BC1716C99FDF0078FC49 /* wftg_btn_overview_active.png */,
				8392BC1816C99FDF0078FC49 /* wftg_btn_overview_active@2x.png */,
				8392BC1916C99FDF0078FC49 /* wftg_btn_overview@2x.png */,
				8392BC1A16C99FDF0078FC49 /* wftg_btn_dailies.png */,
				8392BC1B16C99FDF0078FC49 /* wftg_btn_dailies_active.png */,
				8392BC1C16C99FDF0078FC49 /* wftg_btn_dailies_active@2x.png */,
				8392BC1D16C99FDF0078FC49 /* wftg_btn_dailies@2x.png */,
				8392BBF916C84D2A0078FC49 /* contact_web_btn@2x.png */,
				8392BBFA16C84D2A0078FC49 /* contact_mail_btn@2x.png */,
				8392BBFB16C84D2A0078FC49 /* contact_map_btn@2x.png */,
				8392BBFC16C84D2A0078FC49 /* contact_tel_btn@2x.png */,
				8392BBFD16C84D2A0078FC49 /* contact_web_btn.png */,
				8392BBFE16C84D2A0078FC49 /* contact_mail_btn.png */,
				8392BBFF16C84D2A0078FC49 /* contact_map_btn.png */,
				8392BC0016C84D2A0078FC49 /* contact_tel_btn.png */,
				835DBB6D16C57AC20045458F /* logout.png */,
				835DBB6E16C57AC20045458F /* logout@2x.png */,
				835DBB6916C45AD50045458F /* back.png */,
				835DBB6A16C45AD50045458F /* back@2x.png */,
				835DBB6116C447400045458F /* bc_contact.png */,
				835DBB6216C447400045458F /* bc_contact@2x.png */,
				835DBB6316C447400045458F /* logo_contact.png */,
				835DBB6416C447400045458F /* logo_contact@2x.png */,
				831D695B16C43F9100169061 /* contact.png */,
				831D695C16C43F9100169061 /* contact@2x.png */,
				831D695D16C43F9100169061 /* start_btn.png */,
				831D695E16C43F9100169061 /* start_btn@2x.png */,
				83760A5D16B5DAF800208BD1 /* bg_pl.png */,
				83760A5E16B5DAF800208BD1 /* bg_pl@2x.png */,
				83760A5F16B5DAF800208BD1 /* footer_bg_pl.png */,
				83760A6016B5DAF800208BD1 /* footer_bg_pl@2x.png */,
				83760A6116B5DAF800208BD1 /* header_bg_pl@2x.png */,
				83760A6216B5DAF800208BD1 /* header_bg_pl.png */,
				83760A6316B5DAF800208BD1 /* logo_pl.png */,
				83760A6416B5DAF800208BD1 /* logo_pl@2x.png */,
				8337A52D16B42C4400C173C1 /* startPage_bg@2x.png */,
				8337A52E16B42C4400C173C1 /* startPage_bg.png */,
				834B6C7E16B4056100AA00EA /* login_btn.png */,
				834B6C7F16B4056100AA00EA /* login_btn@2x.png */,
				834B6C7716B3FC8000AA00EA /* Default-Landscape@2x~ipad.png */,
				834B6C7516B3FC7300AA00EA /* Default-Landscape~ipad.png */,
				834B6C4E16B3477000AA00EA /* Default.png */,
				834B6C5016B3477000AA00EA /* Default@2x.png */,
				834B6C5216B3477000AA00EA /* Default-568h@2x.png */,
			);
			name = pics;
			sourceTree = "<group>";
		};
		8387875916CDA77500D9CFD8 /* Cells */ = {
			isa = PBXGroup;
			children = (
				83760A7216B5F57200208BD1 /* DailyCell.h */,
				83760A7316B5F57200208BD1 /* DailyCell.m */,
				8387875A16CDA7C400D9CFD8 /* DailyOverviewSectionCell.h */,
				8387875B16CDA7C400D9CFD8 /* DailyOverviewSectionCell.m */,
				8387876116CEF44000D9CFD8 /* DailyOverviewClipCell.h */,
				8387876216CEF44000D9CFD8 /* DailyOverviewClipCell.m */,
				83B8F1C516DEC20A001C0672 /* DailyClipCell.h */,
				83B8F1C616DEC20A001C0672 /* DailyClipCell.m */,
			);
			name = Cells;
			sourceTree = "<group>";
		};
		83A280DC16BDBDBA00BB698A /* Section */ = {
			isa = PBXGroup;
			children = (
				83A280E816BDC03B00BB698A /* SectionInfo.h */,
				83A280E916BDC03B00BB698A /* SectionInfo.m */,
				83A280EA16BDC03B00BB698A /* SectionHeaderView.h */,
				83A280EB16BDC03B00BB698A /* SectionHeaderView.m */,
			);
			name = Section;
			sourceTree = "<group>";
		};
/* End PBXGroup section */

/* Begin PBXNativeTarget section */
		834B6C3716B3477000AA00EA /* WeFadeToGrayApp_001 */ = {
			isa = PBXNativeTarget;
			buildConfigurationList = 834B6C5C16B3477000AA00EA /* Build configuration list for PBXNativeTarget "WeFadeToGrayApp_001" */;
			buildPhases = (
				834B6C3416B3477000AA00EA /* Sources */,
				834B6C3516B3477000AA00EA /* Frameworks */,
				834B6C3616B3477000AA00EA /* Resources */,
			);
			buildRules = (
			);
			dependencies = (
			);
			name = WeFadeToGrayApp_001;
			productName = WeFadeToGrayApp_001;
			productReference = 834B6C3816B3477000AA00EA /* WeFadeToGrayApp_001.app */;
			productType = "com.apple.product-type.application";
		};
/* End PBXNativeTarget section */

/* Begin PBXProject section */
		834B6C2F16B3477000AA00EA /* Project object */ = {
			isa = PBXProject;
			attributes = {
				LastUpgradeCheck = 0450;
				ORGANIZATIONNAME = "Vladimir Luciano";
			};
			buildConfigurationList = 834B6C3216B3477000AA00EA /* Build configuration list for PBXProject "WeFadeToGrayApp_001" */;
			compatibilityVersion = "Xcode 3.2";
			developmentRegion = English;
			hasScannedForEncodings = 0;
			knownRegions = (
				en,
			);
			mainGroup = 834B6C2D16B3477000AA00EA;
			productRefGroup = 834B6C3916B3477000AA00EA /* Products */;
			projectDirPath = "";
			projectRoot = "";
			targets = (
				834B6C3716B3477000AA00EA /* WeFadeToGrayApp_001 */,
			);
		};
/* End PBXProject section */

/* Begin PBXResourcesBuildPhase section */
		834B6C3616B3477000AA00EA /* Resources */ = {
			isa = PBXResourcesBuildPhase;
			buildActionMask = 2147483647;
			files = (
				834B6C4716B3477000AA00EA /* InfoPlist.strings in Resources */,
				834B6C4F16B3477000AA00EA /* Default.png in Resources */,
				834B6C5116B3477000AA00EA /* Default@2x.png in Resources */,
				834B6C5316B3477000AA00EA /* Default-568h@2x.png in Resources */,
				834B6C7616B3FC7300AA00EA /* Default-Landscape~ipad.png in Resources */,
				834B6C7816B3FC8000AA00EA /* Default-Landscape@2x~ipad.png in Resources */,
				834B6C8016B4056100AA00EA /* login_btn.png in Resources */,
				834B6C8116B4056100AA00EA /* login_btn@2x.png in Resources */,
				8337A52F16B42C4400C173C1 /* startPage_bg@2x.png in Resources */,
				8337A53016B42C4400C173C1 /* startPage_bg.png in Resources */,
				83760A6516B5DAF800208BD1 /* bg_pl.png in Resources */,
				83760A6616B5DAF800208BD1 /* bg_pl@2x.png in Resources */,
				83760A6716B5DAF800208BD1 /* footer_bg_pl.png in Resources */,
				83760A6816B5DAF800208BD1 /* footer_bg_pl@2x.png in Resources */,
				83760A6916B5DAF800208BD1 /* header_bg_pl@2x.png in Resources */,
				83760A6A16B5DAF800208BD1 /* header_bg_pl.png in Resources */,
				83760A6B16B5DAF800208BD1 /* logo_pl.png in Resources */,
				83760A6C16B5DAF800208BD1 /* logo_pl@2x.png in Resources */,
				8329B3C416B867DC00D786D3 /* MainStoryboard.storyboard in Resources */,
				831D695F16C43F9100169061 /* contact.png in Resources */,
				831D696016C43F9100169061 /* contact@2x.png in Resources */,
				831D696116C43F9100169061 /* start_btn.png in Resources */,
				831D696216C43F9100169061 /* start_btn@2x.png in Resources */,
				835DBB6516C447400045458F /* bc_contact.png in Resources */,
				835DBB6616C447400045458F /* bc_contact@2x.png in Resources */,
				835DBB6716C447400045458F /* logo_contact.png in Resources */,
				835DBB6816C447400045458F /* logo_contact@2x.png in Resources */,
				835DBB6B16C45AD50045458F /* back.png in Resources */,
				835DBB6C16C45AD50045458F /* back@2x.png in Resources */,
				835DBB6F16C57AC30045458F /* logout.png in Resources */,
				835DBB7016C57AC30045458F /* logout@2x.png in Resources */,
				8392BC0116C84D2A0078FC49 /* contact_web_btn@2x.png in Resources */,
				8392BC0216C84D2A0078FC49 /* contact_mail_btn@2x.png in Resources */,
				8392BC0316C84D2A0078FC49 /* contact_map_btn@2x.png in Resources */,
				8392BC0416C84D2A0078FC49 /* contact_tel_btn@2x.png in Resources */,
				8392BC0516C84D2A0078FC49 /* contact_web_btn.png in Resources */,
				8392BC0616C84D2A0078FC49 /* contact_mail_btn.png in Resources */,
				8392BC0716C84D2A0078FC49 /* contact_map_btn.png in Resources */,
				8392BC0816C84D2A0078FC49 /* contact_tel_btn.png in Resources */,
				8392BC1E16C99FDF0078FC49 /* wftg_btn_settings.png in Resources */,
				8392BC1F16C99FDF0078FC49 /* wftg_btn_settings_active.png in Resources */,
				8392BC2016C99FDF0078FC49 /* wftg_btn_settings_active@2x.png in Resources */,
				8392BC2116C99FDF0078FC49 /* wftg_btn_settings@2x.png in Resources */,
				8392BC2216C99FDF0078FC49 /* wftg_btn_search.png in Resources */,
				8392BC2316C99FDF0078FC49 /* wftg_btn_search_active.png in Resources */,
				8392BC2416C99FDF0078FC49 /* wftg_btn_search_active@2x.png in Resources */,
				8392BC2516C99FDF0078FC49 /* wftg_btn_search@2x.png in Resources */,
				8392BC2616C99FDF0078FC49 /* wftg_btn_overview.png in Resources */,
				8392BC2716C99FDF0078FC49 /* wftg_btn_overview_active.png in Resources */,
				8392BC2816C99FDF0078FC49 /* wftg_btn_overview_active@2x.png in Resources */,
				8392BC2916C99FDF0078FC49 /* wftg_btn_overview@2x.png in Resources */,
				8392BC2A16C99FDF0078FC49 /* wftg_btn_dailies.png in Resources */,
				8392BC2B16C99FDF0078FC49 /* wftg_btn_dailies_active.png in Resources */,
				8392BC2C16C99FDF0078FC49 /* wftg_btn_dailies_active@2x.png in Resources */,
				8392BC2D16C99FDF0078FC49 /* wftg_btn_dailies@2x.png in Resources */,
				8387874B16CD53C400D9CFD8 /* selectedProject.png in Resources */,
				8387874C16CD53C400D9CFD8 /* selectedProject@2x.png in Resources */,
				8387876F16CF105C00D9CFD8 /* sequenz-pfeil.png in Resources */,
				8387877016CF105C00D9CFD8 /* sequenz-pfeil@2x.png in Resources */,
				8387877C16D0008900D9CFD8 /* sequenz-bg.png in Resources */,
				8387877D16D0008900D9CFD8 /* sequenz-bg@2x.png in Resources */,
				8387878016D0014B00D9CFD8 /* sequenz-verlauf@2x.png in Resources */,
				8387878116D0014B00D9CFD8 /* sequenz-verlauf.png in Resources */,
				8387878416D0196400D9CFD8 /* projectView_bg.png in Resources */,
				8387878516D0196400D9CFD8 /* projectView_bg@2x.png in Resources */,
				8387878816D01D5600D9CFD8 /* projectViewDaily_bg.png in Resources */,
				8387878916D01D5600D9CFD8 /* projectViewDaily_bg@2x.png in Resources */,
				8387879016D021B400D9CFD8 /* dailiesOverviewView_bg.png in Resources */,
				8387879116D021B400D9CFD8 /* dailiesOverviewView_bg@2x.png in Resources */,
				8306BF8616E292AE005F76E4 /* dailyCommentBtn@2x.png in Resources */,
				8306BF8716E292AE005F76E4 /* dailyCommentBtn.png in Resources */,
				8344E99C16E2BEF400732B11 /* CloseButton.png in Resources */,
				8344E99D16E2BEF400732B11 /* CloseButton@2x.png in Resources */,
			);
			runOnlyForDeploymentPostprocessing = 0;
		};
/* End PBXResourcesBuildPhase section */

/* Begin PBXSourcesBuildPhase section */
		834B6C3416B3477000AA00EA /* Sources */ = {
			isa = PBXSourcesBuildPhase;
			buildActionMask = 2147483647;
			files = (
				834B6C4916B3477000AA00EA /* main.m in Sources */,
				834B6C4D16B3477000AA00EA /* AppDelegate.m in Sources */,
				834B6C5916B3477000AA00EA /* ViewController.m in Sources */,
				834B6C6816B34E8000AA00EA /* Daily.m in Sources */,
				834B6C7116B34E9B00AA00EA /* Project.m in Sources */,
				834B6C7216B34E9B00AA00EA /* XMLProjectsParser.m in Sources */,
				834B6C7316B34E9B00AA00EA /* XMLDailiesParser.m in Sources */,
				834B6C7416B34E9B00AA00EA /* DailySimple.m in Sources */,
				8337A52C16B42AAC00C173C1 /* LoginViewController.m in Sources */,
				8337A53316B4378700C173C1 /* XMLLoginParser.m in Sources */,
				8337A53716B43CA500C173C1 /* User.m in Sources */,
				83760A7416B5F57200208BD1 /* DailyCell.m in Sources */,
				8329B3C816B86FE500D786D3 /* ProjectsViewControllerNew.m in Sources */,
				83A280EC16BDC03B00BB698A /* SectionInfo.m in Sources */,
				83A280ED16BDC03B00BB698A /* SectionHeaderView.m in Sources */,
				835DBB5F16C443DA0045458F /* ContactViewController.m in Sources */,
				8392BC3116C9A6340078FC49 /* DailiesOverviewViewController.m in Sources */,
				8387874716CC193A00D9CFD8 /* Clip.m in Sources */,
				8387875C16CDA7C400D9CFD8 /* DailyOverviewSectionCell.m in Sources */,
				8387876316CEF44000D9CFD8 /* DailyOverviewClipCell.m in Sources */,
				8387879B16D0364E00D9CFD8 /* MBProgressHUD.m in Sources */,
				8333471E16DA57FE00956D03 /* DailyViewController.m in Sources */,
				8333472216DA925F00956D03 /* XMLDailyParser.m in Sources */,
				83B8F1C716DEC20A001C0672 /* DailyClipCell.m in Sources */,
			);
			runOnlyForDeploymentPostprocessing = 0;
		};
/* End PBXSourcesBuildPhase section */

/* Begin PBXVariantGroup section */
		834B6C4516B3477000AA00EA /* InfoPlist.strings */ = {
			isa = PBXVariantGroup;
			children = (
				834B6C4616B3477000AA00EA /* en */,
			);
			name = InfoPlist.strings;
			sourceTree = "<group>";
		};
/* End PBXVariantGroup section */

/* Begin XCBuildConfiguration section */
		834B6C5A16B3477000AA00EA /* Debug */ = {
			isa = XCBuildConfiguration;
			buildSettings = {
				ALWAYS_SEARCH_USER_PATHS = NO;
				CLANG_CXX_LANGUAGE_STANDARD = "gnu++0x";
				CLANG_CXX_LIBRARY = "libc++";
				CLANG_ENABLE_OBJC_ARC = YES;
				CLANG_WARN_EMPTY_BODY = YES;
				CLANG_WARN__DUPLICATE_METHOD_MATCH = YES;
				"CODE_SIGN_IDENTITY[sdk=iphoneos*]" = "iPhone Developer";
				COPY_PHASE_STRIP = NO;
				GCC_C_LANGUAGE_STANDARD = gnu99;
				GCC_DYNAMIC_NO_PIC = NO;
				GCC_OPTIMIZATION_LEVEL = 0;
				GCC_PREPROCESSOR_DEFINITIONS = (
					"DEBUG=1",
					"$(inherited)",
				);
				GCC_SYMBOLS_PRIVATE_EXTERN = NO;
				GCC_WARN_ABOUT_RETURN_TYPE = YES;
				GCC_WARN_UNINITIALIZED_AUTOS = YES;
				GCC_WARN_UNUSED_VARIABLE = YES;
				IPHONEOS_DEPLOYMENT_TARGET = 6.0;
				ONLY_ACTIVE_ARCH = YES;
				SDKROOT = iphoneos;
				TARGETED_DEVICE_FAMILY = 2;
			};
			name = Debug;
		};
		834B6C5B16B3477000AA00EA /* Release */ = {
			isa = XCBuildConfiguration;
			buildSettings = {
				ALWAYS_SEARCH_USER_PATHS = NO;
				CLANG_CXX_LANGUAGE_STANDARD = "gnu++0x";
				CLANG_CXX_LIBRARY = "libc++";
				CLANG_ENABLE_OBJC_ARC = YES;
				CLANG_WARN_EMPTY_BODY = YES;
				CLANG_WARN__DUPLICATE_METHOD_MATCH = YES;
				"CODE_SIGN_IDENTITY[sdk=iphoneos*]" = "iPhone Developer";
				COPY_PHASE_STRIP = YES;
				GCC_C_LANGUAGE_STANDARD = gnu99;
				GCC_WARN_ABOUT_RETURN_TYPE = YES;
				GCC_WARN_UNINITIALIZED_AUTOS = YES;
				GCC_WARN_UNUSED_VARIABLE = YES;
				IPHONEOS_DEPLOYMENT_TARGET = 6.0;
				OTHER_CFLAGS = "-DNS_BLOCK_ASSERTIONS=1";
				SDKROOT = iphoneos;
				TARGETED_DEVICE_FAMILY = 2;
				VALIDATE_PRODUCT = YES;
			};
			name = Release;
		};
		834B6C5D16B3477000AA00EA /* Debug */ = {
			isa = XCBuildConfiguration;
			buildSettings = {
				GCC_PRECOMPILE_PREFIX_HEADER = YES;
				GCC_PREFIX_HEADER = "WeFadeToGrayApp_001/WeFadeToGrayApp_001-Prefix.pch";
				INFOPLIST_FILE = "WeFadeToGrayApp_001/WeFadeToGrayApp_001-Info.plist";
				PRODUCT_NAME = "$(TARGET_NAME)";
				WRAPPER_EXTENSION = app;
			};
			name = Debug;
		};
		834B6C5E16B3477000AA00EA /* Release */ = {
			isa = XCBuildConfiguration;
			buildSettings = {
				GCC_PRECOMPILE_PREFIX_HEADER = YES;
				GCC_PREFIX_HEADER = "WeFadeToGrayApp_001/WeFadeToGrayApp_001-Prefix.pch";
				INFOPLIST_FILE = "WeFadeToGrayApp_001/WeFadeToGrayApp_001-Info.plist";
				PRODUCT_NAME = "$(TARGET_NAME)";
				WRAPPER_EXTENSION = app;
			};
			name = Release;
		};
/* End XCBuildConfiguration section */

/* Begin XCConfigurationList section */
		834B6C3216B3477000AA00EA /* Build configuration list for PBXProject "WeFadeToGrayApp_001" */ = {
			isa = XCConfigurationList;
			buildConfigurations = (
				834B6C5A16B3477000AA00EA /* Debug */,
				834B6C5B16B3477000AA00EA /* Release */,
			);
			defaultConfigurationIsVisible = 0;
			defaultConfigurationName = Release;
		};
		834B6C5C16B3477000AA00EA /* Build configuration list for PBXNativeTarget "WeFadeToGrayApp_001" */ = {
			isa = XCConfigurationList;
			buildConfigurations = (
				834B6C5D16B3477000AA00EA /* Debug */,
				834B6C5E16B3477000AA00EA /* Release */,
			);
			defaultConfigurationIsVisible = 0;
			defaultConfigurationName = Release;
		};
/* End XCConfigurationList section */
	};
	rootObject = 834B6C2F16B3477000AA00EA /* Project object */;
}
